// !$*UTF8*$!
{
	archiveVersion = 1;
	classes = {
	};
	objectVersion = 50;
	objects = {

/* Begin PBXBuildFile section */
		45ABB5BC22FA63490059B200 /* AppDelegate.swift in Sources */ = {isa = PBXBuildFile; fileRef = 45ABB5BB22FA63490059B200 /* AppDelegate.swift */; };
		45ABB5BE22FA63490059B200 /* ViewController.swift in Sources */ = {isa = PBXBuildFile; fileRef = 45ABB5BD22FA63490059B200 /* ViewController.swift */; };
		45ABB5C122FA63490059B200 /* Main.storyboard in Resources */ = {isa = PBXBuildFile; fileRef = 45ABB5BF22FA63490059B200 /* Main.storyboard */; };
		45ABB5C322FA634A0059B200 /* Assets.xcassets in Resources */ = {isa = PBXBuildFile; fileRef = 45ABB5C222FA634A0059B200 /* Assets.xcassets */; };
		45ABB5C622FA634A0059B200 /* LaunchScreen.storyboard in Resources */ = {isa = PBXBuildFile; fileRef = 45ABB5C422FA634A0059B200 /* LaunchScreen.storyboard */; };
		45ABB5CF22FA63FF0059B200 /* Specs.swift in Sources */ = {isa = PBXBuildFile; fileRef = 45ABB5CE22FA63FF0059B200 /* Specs.swift */; };
		45ABB5D122FA64D10059B200 /* UIColor+Extension.swift in Sources */ = {isa = PBXBuildFile; fileRef = 45ABB5D022FA64D10059B200 /* UIColor+Extension.swift */; };
		45ABB5D322FA70650059B200 /* FMBaseViewController.swift in Sources */ = {isa = PBXBuildFile; fileRef = 45ABB5D222FA70650059B200 /* FMBaseViewController.swift */; };
		45ABB5D522FA71880059B200 /* FBMeUser.swift in Sources */ = {isa = PBXBuildFile; fileRef = 45ABB5D422FA71880059B200 /* FBMeUser.swift */; };
		45ABB5D722FA72C70059B200 /* TableKeys.swift in Sources */ = {isa = PBXBuildFile; fileRef = 45ABB5D622FA72C70059B200 /* TableKeys.swift */; };
		45ABB5D922FA7D2B0059B200 /* FBMeBaseCell.swift in Sources */ = {isa = PBXBuildFile; fileRef = 45ABB5D822FA7D2B0059B200 /* FBMeBaseCell.swift */; };
/* End PBXBuildFile section */

/* Begin PBXFileReference section */
		45ABB5B822FA63490059B200 /* JJFacebookMe.app */ = {isa = PBXFileReference; explicitFileType = wrapper.application; includeInIndex = 0; path = JJFacebookMe.app; sourceTree = BUILT_PRODUCTS_DIR; };
		45ABB5BB22FA63490059B200 /* AppDelegate.swift */ = {isa = PBXFileReference; lastKnownFileType = sourcecode.swift; path = AppDelegate.swift; sourceTree = "<group>"; };
		45ABB5BD22FA63490059B200 /* ViewController.swift */ = {isa = PBXFileReference; lastKnownFileType = sourcecode.swift; path = ViewController.swift; sourceTree = "<group>"; };
		45ABB5C022FA63490059B200 /* Base */ = {isa = PBXFileReference; lastKnownFileType = file.storyboard; name = Base; path = Base.lproj/Main.storyboard; sourceTree = "<group>"; };
		45ABB5C222FA634A0059B200 /* Assets.xcassets */ = {isa = PBXFileReference; lastKnownFileType = folder.assetcatalog; path = Assets.xcassets; sourceTree = "<group>"; };
		45ABB5C522FA634A0059B200 /* Base */ = {isa = PBXFileReference; lastKnownFileType = file.storyboard; name = Base; path = Base.lproj/LaunchScreen.storyboard; sourceTree = "<group>"; };
		45ABB5C722FA634A0059B200 /* Info.plist */ = {isa = PBXFileReference; lastKnownFileType = text.plist.xml; path = Info.plist; sourceTree = "<group>"; };
		45ABB5CE22FA63FF0059B200 /* Specs.swift */ = {isa = PBXFileReference; lastKnownFileType = sourcecode.swift; path = Specs.swift; sourceTree = "<group>"; };
		45ABB5D022FA64D10059B200 /* UIColor+Extension.swift */ = {isa = PBXFileReference; lastKnownFileType = sourcecode.swift; path = "UIColor+Extension.swift"; sourceTree = "<group>"; };
		45ABB5D222FA70650059B200 /* FMBaseViewController.swift */ = {isa = PBXFileReference; lastKnownFileType = sourcecode.swift; path = FMBaseViewController.swift; sourceTree = "<group>"; };
		45ABB5D422FA71880059B200 /* FBMeUser.swift */ = {isa = PBXFileReference; lastKnownFileType = sourcecode.swift; path = FBMeUser.swift; sourceTree = "<group>"; };
		45ABB5D622FA72C70059B200 /* TableKeys.swift */ = {isa = PBXFileReference; lastKnownFileType = sourcecode.swift; path = TableKeys.swift; sourceTree = "<group>"; };
		45ABB5D822FA7D2B0059B200 /* FBMeBaseCell.swift */ = {isa = PBXFileReference; lastKnownFileType = sourcecode.swift; path = FBMeBaseCell.swift; sourceTree = "<group>"; };
/* End PBXFileReference section */

/* Begin PBXFrameworksBuildPhase section */
		45ABB5B522FA63490059B200 /* Frameworks */ = {
			isa = PBXFrameworksBuildPhase;
			buildActionMask = 2147483647;
			files = (
			);
			runOnlyForDeploymentPostprocessing = 0;
		};
/* End PBXFrameworksBuildPhase section */

/* Begin PBXGroup section */
		45ABB5AF22FA63490059B200 = {
			isa = PBXGroup;
			children = (
				45ABB5BA22FA63490059B200 /* JJFacebookMe */,
				45ABB5B922FA63490059B200 /* Products */,
			);
			sourceTree = "<group>";
		};
		45ABB5B922FA63490059B200 /* Products */ = {
			isa = PBXGroup;
			children = (
				45ABB5B822FA63490059B200 /* JJFacebookMe.app */,
			);
			name = Products;
			sourceTree = "<group>";
		};
		45ABB5BA22FA63490059B200 /* JJFacebookMe */ = {
			isa = PBXGroup;
			children = (
				45ABB5CD22FA63EC0059B200 /* Helper */,
				45ABB5BB22FA63490059B200 /* AppDelegate.swift */,
				45ABB5BD22FA63490059B200 /* ViewController.swift */,
				45ABB5D622FA72C70059B200 /* TableKeys.swift */,
				45ABB5D822FA7D2B0059B200 /* FBMeBaseCell.swift */,
				45ABB5D422FA71880059B200 /* FBMeUser.swift */,
				45ABB5D222FA70650059B200 /* FMBaseViewController.swift */,
				45ABB5BF22FA63490059B200 /* Main.storyboard */,
				45ABB5C222FA634A0059B200 /* Assets.xcassets */,
				45ABB5C422FA634A0059B200 /* LaunchScreen.storyboard */,
				45ABB5C722FA634A0059B200 /* Info.plist */,
			);
			path = JJFacebookMe;
			sourceTree = "<group>";
		};
		45ABB5CD22FA63EC0059B200 /* Helper */ = {
			isa = PBXGroup;
			children = (
				45ABB5CE22FA63FF0059B200 /* Specs.swift */,
				45ABB5D022FA64D10059B200 /* UIColor+Extension.swift */,
			);
			path = Helper;
			sourceTree = "<group>";
		};
/* End PBXGroup section */

/* Begin PBXNativeTarget section */
		45ABB5B722FA63490059B200 /* JJFacebookMe */ = {
			isa = PBXNativeTarget;
			buildConfigurationList = 45ABB5CA22FA634A0059B200 /* Build configuration list for PBXNativeTarget "JJFacebookMe" */;
			buildPhases = (
				45ABB5B422FA63490059B200 /* Sources */,
				45ABB5B522FA63490059B200 /* Frameworks */,
				45ABB5B622FA63490059B200 /* Resources */,
			);
			buildRules = (
			);
			dependencies = (
			);
			name = JJFacebookMe;
			productName = JJFacebookMe;
			productReference = 45ABB5B822FA63490059B200 /* JJFacebookMe.app */;
			productType = "com.apple.product-type.application";
		};
/* End PBXNativeTarget section */

/* Begin PBXProject section */
		45ABB5B022FA63490059B200 /* Project object */ = {
			isa = PBXProject;
			attributes = {
				LastSwiftUpdateCheck = 1020;
				LastUpgradeCheck = 1020;
				ORGANIZATIONNAME = JJ;
				TargetAttributes = {
					45ABB5B722FA63490059B200 = {
						CreatedOnToolsVersion = 10.2.1;
					};
				};
			};
			buildConfigurationList = 45ABB5B322FA63490059B200 /* Build configuration list for PBXProject "JJFacebookMe" */;
			compatibilityVersion = "Xcode 9.3";
			developmentRegion = en;
			hasScannedForEncodings = 0;
			knownRegions = (
				en,
				Base,
			);
			mainGroup = 45ABB5AF22FA63490059B200;
			productRefGroup = 45ABB5B922FA63490059B200 /* Products */;
			projectDirPath = "";
			projectRoot = "";
			targets = (
				45ABB5B722FA63490059B200 /* JJFacebookMe */,
			);
		};
/* End PBXProject section */

/* Begin PBXResourcesBuildPhase section */
		45ABB5B622FA63490059B200 /* Resources */ = {
			isa = PBXResourcesBuildPhase;
			buildActionMask = 2147483647;
			files = (
				45ABB5C622FA634A0059B200 /* LaunchScreen.storyboard in Resources */,
				45ABB5C322FA634A0059B200 /* Assets.xcassets in Resources */,
				45ABB5C122FA63490059B200 /* Main.storyboard in Resources */,
			);
			runOnlyForDeploymentPostprocessing = 0;
		};
/* End PBXResourcesBuildPhase section */

/* Begin PBXSourcesBuildPhase section */
		45ABB5B422FA63490059B200 /* Sources */ = {
			isa = PBXSourcesBuildPhase;
			buildActionMask = 2147483647;
			files = (
				45ABB5D722FA72C70059B200 /* TableKeys.swift in Sources */,
				45ABB5CF22FA63FF0059B200 /* Specs.swift in Sources */,
				45ABB5D922FA7D2B0059B200 /* FBMeBaseCell.swift in Sources */,
				45ABB5BE22FA63490059B200 /* ViewController.swift in Sources */,
				45ABB5D522FA71880059B200 /* FBMeUser.swift in Sources */,
				45ABB5BC22FA63490059B200 /* AppDelegate.swift in Sources */,
				45ABB5D122FA64D10059B200 /* UIColor+Extension.swift in Sources */,
				45ABB5D322FA70650059B200 /* FMBaseViewController.swift in Sources */,
			);
			runOnlyForDeploymentPostprocessing = 0;
		};
/* End PBXSourcesBuildPhase section */

/* Begin PBXVariantGroup section */
		45ABB5BF22FA63490059B200 /* Main.storyboard */ = {
			isa = PBXVariantGroup;
			children = (
				45ABB5C022FA63490059B200 /* Base */,
			);
			name = Main.storyboard;
			sourceTree = "<group>";
		};
		45ABB5C422FA634A0059B200 /* LaunchScreen.storyboard */ = {
			isa = PBXVariantGroup;
			children = (
				45ABB5C522FA634A0059B200 /* Base */,
			);
			name = LaunchScreen.storyboard;
			sourceTree = "<group>";
		};
/* End PBXVariantGroup section */

/* Begin XCBuildConfiguration section */
		45ABB5C822FA634A0059B200 /* Debug */ = {
			isa = XCBuildConfiguration;
			buildSettings = {
				ALWAYS_SEARCH_USER_PATHS = NO;
				CLANG_ANALYZER_NONNULL = YES;
				CLANG_ANALYZER_NUMBER_OBJECT_CONVERSION = YES_AGGRESSIVE;
				CLANG_CXX_LANGUAGE_STANDARD = "gnu++14";
				CLANG_CXX_LIBRARY = "libc++";
				CLANG_ENABLE_MODULES = YES;
				CLANG_ENABLE_OBJC_ARC = YES;
				CLANG_ENABLE_OBJC_WEAK = YES;
				CLANG_WARN_BLOCK_CAPTURE_AUTORELEASING = YES;
				CLANG_WARN_BOOL_CONVERSION = YES;
				CLANG_WARN_COMMA = YES;
				CLANG_WARN_CONSTANT_CONVERSION = YES;
				CLANG_WARN_DEPRECATED_OBJC_IMPLEMENTATIONS = YES;
				CLANG_WARN_DIRECT_OBJC_ISA_USAGE = YES_ERROR;
				CLANG_WARN_DOCUMENTATION_COMMENTS = YES;
				CLANG_WARN_EMPTY_BODY = YES;
				CLANG_WARN_ENUM_CONVERSION = YES;
				CLANG_WARN_INFINITE_RECURSION = YES;
				CLANG_WARN_INT_CONVERSION = YES;
				CLANG_WARN_NON_LITERAL_NULL_CONVERSION = YES;
				CLANG_WARN_OBJC_IMPLICIT_RETAIN_SELF = YES;
				CLANG_WARN_OBJC_LITERAL_CONVERSION = YES;
				CLANG_WARN_OBJC_ROOT_CLASS = YES_ERROR;
				CLANG_WARN_RANGE_LOOP_ANALYSIS = YES;
				CLANG_WARN_STRICT_PROTOTYPES = YES;
				CLANG_WARN_SUSPICIOUS_MOVE = YES;
				CLANG_WARN_UNGUARDED_AVAILABILITY = YES_AGGRESSIVE;
				CLANG_WARN_UNREACHABLE_CODE = YES;
				CLANG_WARN__DUPLICATE_METHOD_MATCH = YES;
				CODE_SIGN_IDENTITY = "iPhone Developer";
				COPY_PHASE_STRIP = NO;
				DEBUG_INFORMATION_FORMAT = dwarf;
				ENABLE_STRICT_OBJC_MSGSEND = YES;
				ENABLE_TESTABILITY = YES;
				GCC_C_LANGUAGE_STANDARD = gnu11;
				GCC_DYNAMIC_NO_PIC = NO;
				GCC_NO_COMMON_BLOCKS = YES;
				GCC_OPTIMIZATION_LEVEL = 0;
				GCC_PREPROCESSOR_DEFINITIONS = (
					"DEBUG=1",
					"$(inherited)",
				);
				GCC_WARN_64_TO_32_BIT_CONVERSION = YES;
				GCC_WARN_ABOUT_RETURN_TYPE = YES_ERROR;
				GCC_WARN_UNDECLARED_SELECTOR = YES;
				GCC_WARN_UNINITIALIZED_AUTOS = YES_AGGRESSIVE;
				GCC_WARN_UNUSED_FUNCTION = YES;
				GCC_WARN_UNUSED_VARIABLE = YES;
				IPHONEOS_DEPLOYMENT_TARGET = 12.2;
				MTL_ENABLE_DEBUG_INFO = INCLUDE_SOURCE;
				MTL_FAST_MATH = YES;
				ONLY_ACTIVE_ARCH = YES;
				SDKROOT = iphoneos;
				SWIFT_ACTIVE_COMPILATION_CONDITIONS = DEBUG;
				SWIFT_OPTIMIZATION_LEVEL = "-Onone";
			};
			name = Debug;
		};
		45ABB5C922FA634A0059B200 /* Release */ = {
			isa = XCBuildConfiguration;
			buildSettings = {
				ALWAYS_SEARCH_USER_PATHS = NO;
				CLANG_ANALYZER_NONNULL = YES;
				CLANG_ANALYZER_NUMBER_OBJECT_CONVERSION = YES_AGGRESSIVE;
				CLANG_CXX_LANGUAGE_STANDARD = "gnu++14";
				CLANG_CXX_LIBRARY = "libc++";
				CLANG_ENABLE_MODULES = YES;
				CLANG_ENABLE_OBJC_ARC = YES;
				CLANG_ENABLE_OBJC_WEAK = YES;
				CLANG_WARN_BLOCK_CAPTURE_AUTORELEASING = YES;
				CLANG_WARN_BOOL_CONVERSION = YES;
				CLANG_WARN_COMMA = YES;
				CLANG_WARN_CONSTANT_CONVERSION = YES;
				CLANG_WARN_DEPRECATED_OBJC_IMPLEMENTATIONS = YES;
				CLANG_WARN_DIRECT_OBJC_ISA_USAGE = YES_ERROR;
				CLANG_WARN_DOCUMENTATION_COMMENTS = YES;
				CLANG_WARN_EMPTY_BODY = YES;
				CLANG_WARN_ENUM_CONVERSION = YES;
				CLANG_WARN_INFINITE_RECURSION = YES;
				CLANG_WARN_INT_CONVERSION = YES;
				CLANG_WARN_NON_LITERAL_NULL_CONVERSION = YES;
				CLANG_WARN_OBJC_IMPLICIT_RETAIN_SELF = YES;
				CLANG_WARN_OBJC_LITERAL_CONVERSION = YES;
				CLANG_WARN_OBJC_ROOT_CLASS = YES_ERROR;
				CLANG_WARN_RANGE_LOOP_ANALYSIS = YES;
				CLANG_WARN_STRICT_PROTOTYPES = YES;
				CLANG_WARN_SUSPICIOUS_MOVE = YES;
				CLANG_WARN_UNGUARDED_AVAILABILITY = YES_AGGRESSIVE;
				CLANG_WARN_UNREACHABLE_CODE = YES;
				CLANG_WARN__DUPLICATE_METHOD_MATCH = YES;
				CODE_SIGN_IDENTITY = "iPhone Developer";
				COPY_PHASE_STRIP = NO;
				DEBUG_INFORMATION_FORMAT = "dwarf-with-dsym";
				ENABLE_NS_ASSERTIONS = NO;
				ENABLE_STRICT_OBJC_MSGSEND = YES;
				GCC_C_LANGUAGE_STANDARD = gnu11;
				GCC_NO_COMMON_BLOCKS = YES;
				GCC_WARN_64_TO_32_BIT_CONVERSION = YES;
				GCC_WARN_ABOUT_RETURN_TYPE = YES_ERROR;
				GCC_WARN_UNDECLARED_SELECTOR = YES;
				GCC_WARN_UNINITIALIZED_AUTOS = YES_AGGRESSIVE;
				GCC_WARN_UNUSED_FUNCTION = YES;
				GCC_WARN_UNUSED_VARIABLE = YES;
				IPHONEOS_DEPLOYMENT_TARGET = 12.2;
				MTL_ENABLE_DEBUG_INFO = NO;
				MTL_FAST_MATH = YES;
				SDKROOT = iphoneos;
				SWIFT_COMPILATION_MODE = wholemodule;
				SWIFT_OPTIMIZATION_LEVEL = "-O";
				VALIDATE_PRODUCT = YES;
			};
			name = Release;
		};
		45ABB5CB22FA634A0059B200 /* Debug */ = {
			isa = XCBuildConfiguration;
			buildSettings = {
				ASSETCATALOG_COMPILER_APPICON_NAME = AppIcon;
				CODE_SIGN_STYLE = Automatic;
				INFOPLIST_FILE = JJFacebookMe/Info.plist;
				LD_RUNPATH_SEARCH_PATHS = (
					"$(inherited)",
					"@executable_path/Frameworks",
				);
				PRODUCT_BUNDLE_IDENTIFIER = com.JJ.JJFacebookMe;
				PRODUCT_NAME = "$(TARGET_NAME)";
				SWIFT_VERSION = 5.0;
				TARGETED_DEVICE_FAMILY = "1,2";
			};
			name = Debug;
		};
		45ABB5CC22FA634A0059B200 /* Release */ = {
			isa = XCBuildConfiguration;
			buildSettings = {
				ASSETCATALOG_COMPILER_APPICON_NAME = AppIcon;
				CODE_SIGN_STYLE = Automatic;
				INFOPLIST_FILE = JJFacebookMe/Info.plist;
				LD_RUNPATH_SEARCH_PATHS = (
					"$(inherited)",
					"@executable_path/Frameworks",
				);
				PRODUCT_BUNDLE_IDENTIFIER = com.JJ.JJFacebookMe;
				PRODUCT_NAME = "$(TARGET_NAME)";
				SWIFT_VERSION = 5.0;
				TARGETED_DEVICE_FAMILY = "1,2";
			};
			name = Release;
		};
/* End XCBuildConfiguration section */

/* Begin XCConfigurationList section */
		45ABB5B322FA63490059B200 /* Build configuration list for PBXProject "JJFacebookMe" */ = {
			isa = XCConfigurationList;
			buildConfigurations = (
				45ABB5C822FA634A0059B200 /* Debug */,
				45ABB5C922FA634A0059B200 /* Release */,
			);
			defaultConfigurationIsVisible = 0;
			defaultConfigurationName = Release;
		};
		45ABB5CA22FA634A0059B200 /* Build configuration list for PBXNativeTarget "JJFacebookMe" */ = {
			isa = XCConfigurationList;
			buildConfigurations = (
				45ABB5CB22FA634A0059B200 /* Debug */,
				45ABB5CC22FA634A0059B200 /* Release */,
			);
			defaultConfigurationIsVisible = 0;
			defaultConfigurationName = Release;
		};
/* End XCConfigurationList section */
	};
	rootObject = 45ABB5B022FA63490059B200 /* Project object */;
}
